
Microsoft Visual Studio Solution File, Format Version 12.00
# Visual Studio 2015
Project("{FAE04EC0-301F-11D3-BF4B-00C04F79EFBC}") = "Testing_Tools2.0", "Testing_Tools2.0.csproj", "{ED50C3F1-B122-4332-3598-C016AF00E6CE}"
EndProject
Project("{FAE04EC0-301F-11D3-BF4B-00C04F79EFBC}") = "Testing_Tools2.0.Editor", "Testing_Tools2.0.Editor.csproj", "{C8212559-164B-AEB8-EAEC-3FA1EC6C8F93}"
EndProject
Global
	GlobalSection(SolutionConfigurationPlatforms) = preSolution
		Debug|Any CPU = Debug|Any CPU
		Release|Any CPU = Release|Any CPU
	EndGlobalSection
	GlobalSection(ProjectConfigurationPlatforms) = postSolution
		{ED50C3F1-B122-4332-3598-C016AF00E6CE}.Debug|Any CPU.ActiveCfg = Debug|Any CPU
		{ED50C3F1-B122-4332-3598-C016AF00E6CE}.Debug|Any CPU.Build.0 = Debug|Any CPU
		{ED50C3F1-B122-4332-3598-C016AF00E6CE}.Release|Any CPU.ActiveCfg = Release|Any CPU
		{ED50C3F1-B122-4332-3598-C016AF00E6CE}.Release|Any CPU.Build.0 = Release|Any CPU
		{C8212559-164B-AEB8-EAEC-3FA1EC6C8F93}.Debug|Any CPU.ActiveCfg = Debug|Any CPU
		{C8212559-164B-AEB8-EAEC-3FA1EC6C8F93}.Debug|Any CPU.Build.0 = Debug|Any CPU
		{C8212559-164B-AEB8-EAEC-3FA1EC6C8F93}.Release|Any CPU.ActiveCfg = Release|Any CPU
		{C8212559-164B-AEB8-EAEC-3FA1EC6C8F93}.Release|Any CPU.Build.0 = Release|Any CPU
	EndGlobalSection
	GlobalSection(SolutionProperties) = preSolution
		HideSolutionNode = FALSE
	EndGlobalSection
EndGlobal
